
Microsoft Visual Studio Solution File, Format Version 12.00
# Visual Studio Version 17
VisualStudioVersion = 17.4.33213.308
MinimumVisualStudioVersion = 10.0.40219.1
Project("{FAE04EC0-301F-11D3-BF4B-00C04F79EFBC}") = "Student_Management", "Student_Management.csproj", "{FFF2AE55-CFD8-406C-B890-D3ED8165ADA1}"
EndProject
Global
	GlobalSection(SolutionConfigurationPlatforms) = preSolution
		Debug|Any CPU = Debug|Any CPU
		Release|Any CPU = Release|Any CPU
	EndGlobalSection
	GlobalSection(ProjectConfigurationPlatforms) = postSolution
		{FFF2AE55-CFD8-406C-B890-D3ED8165ADA1}.Debug|Any CPU.ActiveCfg = Debug|Any CPU
		{FFF2AE55-CFD8-406C-B890-D3ED8165ADA1}.Debug|Any CPU.Build.0 = Debug|Any CPU
		{FFF2AE55-CFD8-406C-B890-D3ED8165ADA1}.Release|Any CPU.ActiveCfg = Release|Any CPU
		{FFF2AE55-CFD8-406C-B890-D3ED8165ADA1}.Release|Any CPU.Build.0 = Release|Any CPU
	EndGlobalSection
	GlobalSection(SolutionProperties) = preSolution
		HideSolutionNode = FALSE
	EndGlobalSection
	GlobalSection(ExtensibilityGlobals) = postSolution
		SolutionGuid = {7858D0FE-7B0B-472A-B1A9-EC48869DC8D4}
	EndGlobalSection
EndGlobal
